
Microsoft Visual Studio Solution File, Format Version 12.00
# Visual Studio Version 17
VisualStudioVersion = 17.4.33103.184
MinimumVisualStudioVersion = 10.0.40219.1
Project("{8BC9CEB8-8B4A-11D0-8D11-00A0C91BC942}") = "exam-01-01-hello", "exam-01-01-hello\exam-01-01-hello.vcxproj", "{BEBF8571-04B6-4813-A4E1-0C4154AF87B2}"
EndProject
Project("{8BC9CEB8-8B4A-11D0-8D11-00A0C91BC942}") = "exam-01-02-comment", "exam-01-02-comment\exam-01-02-comment.vcxproj", "{CEE64B77-508C-4344-837A-9A36101FDF98}"
EndProject
Project("{8BC9CEB8-8B4A-11D0-8D11-00A0C91BC942}") = "exam-02-01-variable", "exam-02-01-variable\exam-02-01-variable.vcxproj", "{962F154A-E386-43BC-9543-9E2FA934E994}"
EndProject
Project("{8BC9CEB8-8B4A-11D0-8D11-00A0C91BC942}") = "exam-02-02-variable-type", "exam-02-02-variable-type\exam-02-02-variable-type.vcxproj", "{B3F8C289-2E23-4A2D-9489-B84C42CD7A75}"
EndProject
Project("{8BC9CEB8-8B4A-11D0-8D11-00A0C91BC942}") = "exam-02-03-literal", "exam-02-03-literal\exam-02-03-literal.vcxproj", "{57A7ED42-EC38-4A59-960B-F5D0B6EA6519}"
EndProject
Project("{8BC9CEB8-8B4A-11D0-8D11-00A0C91BC942}") = "exam-02-04-cast", "exam-02-04-cast\exam-02-04-cast.vcxproj", "{91C0A853-731D-4241-9D6D-3C6DFF3052B6}"
EndProject
Project("{8BC9CEB8-8B4A-11D0-8D11-00A0C91BC942}") = "exam-03-01-data", "exam-03-01-data\exam-03-01-data.vcxproj", "{EF1E1978-69E2-4C3D-A198-C1285BC9577C}"
EndProject
Project("{8BC9CEB8-8B4A-11D0-8D11-00A0C91BC942}") = "exam-04-01-printf", "exam-04-01-printf\exam-04-01-printf.vcxproj", "{F6DA54AA-E9A3-4603-AE04-AEDCC746FAC9}"
EndProject
Project("{8BC9CEB8-8B4A-11D0-8D11-00A0C91BC942}") = "exam-04-02-scanf", "exam-04-02-scanf\exam-04-02-scanf.vcxproj", "{80999092-663D-4C76-9835-E96FED2E2809}"
EndProject
Project("{8BC9CEB8-8B4A-11D0-8D11-00A0C91BC942}") = "exam-05-01-operator", "exam-05-01-operator\exam-05-01-operator.vcxproj", "{72A29C75-685C-4310-B5C6-741FAAE24020}"
EndProject
Project("{8BC9CEB8-8B4A-11D0-8D11-00A0C91BC942}") = "exam-06-01-operator2", "exam-06-01-operator2\exam-06-01-operator2.vcxproj", "{3069BD7B-64AB-4138-8679-55108B1856FD}"
EndProject
Project("{8BC9CEB8-8B4A-11D0-8D11-00A0C91BC942}") = "exam-08-06-loop homework", "exam-08-06-loop homework\exam-08-06-loop homework.vcxproj", "{73AF37BD-3011-4264-9B71-BF74EDAFD98B}"
EndProject
Project("{8BC9CEB8-8B4A-11D0-8D11-00A0C91BC942}") = "exam-09-01-array", "exam-09-01-array\exam-09-01-array.vcxproj", "{D61C1954-3E37-44ED-A77E-EBFD596F4249}"
EndProject
Project("{8BC9CEB8-8B4A-11D0-8D11-00A0C91BC942}") = "exam-12-01-array2d", "exam-12-01-array2d\exam-12-01-array2d.vcxproj", "{A3511F93-B88F-44DE-AA5F-82D75FF5CE7D}"
EndProject
Project("{8BC9CEB8-8B4A-11D0-8D11-00A0C91BC942}") = "exam-12-02-array3d", "exam-12-02-array3d\exam-12-02-array3d.vcxproj", "{F0A57869-DB35-462F-A22A-C268D481829A}"
EndProject
Project("{8BC9CEB8-8B4A-11D0-8D11-00A0C91BC942}") = "exam-12-03-homework", "exam-12-03-homework\exam-12-03-homework.vcxproj", "{CADD7D3D-A998-4A26-A81D-E78B71B2468B}"
EndProject
Project("{8BC9CEB8-8B4A-11D0-8D11-00A0C91BC942}") = "exam-10-01-pointer", "exap-10-01-po\exap-10-01-po.vcxproj", "{F539BF81-77A6-44EB-8539-DD9C9F41568B}"
EndProject
Project("{8BC9CEB8-8B4A-11D0-8D11-00A0C91BC942}") = "exam-11-01-arrayAndPointer", "exam-11-1-arrayAndPointer\exam-11-1-arrayAndPointer.vcxproj", "{6B8A6D7E-2500-4108-BF88-8A2B35D580FA}"
EndProject
Project("{8BC9CEB8-8B4A-11D0-8D11-00A0C91BC942}") = "exam-11-01-arrayAndPointer2", "exam-11-1-arrayAndPointer2\exam-11-1-arrayAndPointer2.vcxproj", "{2DED99AB-DC4A-4EBB-B894-F009CBEE580C}"
EndProject
Project("{8BC9CEB8-8B4A-11D0-8D11-00A0C91BC942}") = "exam-12-04-array-pointer", "exam-12-04-array-pointer\exam-12-04-array-pointer.vcxproj", "{F213E5E5-AAFF-4F40-88AB-9C61A3F08444}"
EndProject
Project("{8BC9CEB8-8B4A-11D0-8D11-00A0C91BC942}") = "exam-13-01-string", "exam-13-01-string\exam-13-01-string.vcxproj", "{A65524A9-E9BD-43EF-B820-CCEE4D9117E2}"
EndProject
Project("{8BC9CEB8-8B4A-11D0-8D11-00A0C91BC942}") = "exam-13-02-char-function", "exam-13-02-char-function\exam-13-02-char-function.vcxproj", "{49CBA3BE-A36F-4054-8479-D73A41D69E55}"
EndProject
Project("{8BC9CEB8-8B4A-11D0-8D11-00A0C91BC942}") = "exam-13-03-eof", "exam-13-03-eof\exam-13-03-eof.vcxproj", "{06C4A673-3A45-4775-B88F-217E67B73054}"
EndProject
Project("{8BC9CEB8-8B4A-11D0-8D11-00A0C91BC942}") = "exam-13-04-gets-puts", "exam-12-04-gets-puts\exam-12-04-gets-puts.vcxproj", "{E7F5FA7B-F7A9-4F2A-92A6-30D1C2C458E5}"
EndProject
Project("{8BC9CEB8-8B4A-11D0-8D11-00A0C91BC942}") = "exam-13-05-string-function", "exam-13-05-string-function\exam-13-05-string-function.vcxproj", "{25D1BB5D-ED03-4A8A-BEFB-A2A2A668F2EA}"
EndProject
Project("{8BC9CEB8-8B4A-11D0-8D11-00A0C91BC942}") = "exam-13-06-string-function2", "exam-13-06-string-function2\exam-13-06-string-function2.vcxproj", "{8450EFC4-9208-4778-8378-7B398F6144F1}"
EndProject
Project("{8BC9CEB8-8B4A-11D0-8D11-00A0C91BC942}") = "exam14-01-memory-area", "exam14-01-memory-area\exam14-01-memory-area.vcxproj", "{BBD4D5C7-DAAA-4CCB-9283-91D61C8F56D9}"
EndProject
Project("{8BC9CEB8-8B4A-11D0-8D11-00A0C91BC942}") = "exam-15-01-function", "exam-15-01-function\exam-15-01-function.vcxproj", "{55596116-D7E4-4AEC-B866-DCCF6FC34F23}"
EndProject
Project("{8BC9CEB8-8B4A-11D0-8D11-00A0C91BC942}") = "exam-15-02-function2", "exam-15-02-function2\exam-15-02-function2.vcxproj", "{6A25D5C0-6D93-4348-815E-D114223BCF90}"
EndProject
Project("{8BC9CEB8-8B4A-11D0-8D11-00A0C91BC942}") = "exam-15-03-function3", "exam-15-03-function3\exam-15-03-function3.vcxproj", "{E17685F1-B09A-426D-8F77-9D970BE2C1F5}"
EndProject
Project("{8BC9CEB8-8B4A-11D0-8D11-00A0C91BC942}") = "exam-15-04-function4", "exam-15-04-function4\exam-15-04-function4.vcxproj", "{8F75ECF2-05FA-44E6-9721-A474F4434837}"
EndProject
Project("{8BC9CEB8-8B4A-11D0-8D11-00A0C91BC942}") = "exam-15-05-local", "exam-15-05-local\exam-15-05-local.vcxproj", "{140F0142-2448-4A0E-B72F-15C1F59D8A6D}"
EndProject
Project("{8BC9CEB8-8B4A-11D0-8D11-00A0C91BC942}") = "exam-15-06-global", "exam-15-06-global\exam-15-06-global.vcxproj", "{24BE001B-688D-4BF8-A241-B6FF5609412A}"
EndProject
Project("{8BC9CEB8-8B4A-11D0-8D11-00A0C91BC942}") = "exam-15-07-static", "exam-15-07-static\exam-15-07-static.vcxproj", "{41CE08BD-001B-4A44-A1C4-39FEEDFC2F31}"
EndProject
Project("{8BC9CEB8-8B4A-11D0-8D11-00A0C91BC942}") = "exam-16-01-fuction-array", "exam-16-01-fuction-array\exam-16-01-fuction-array.vcxproj", "{81E74532-84BA-4E12-B1C0-5CA9A8310374}"
EndProject
Project("{8BC9CEB8-8B4A-11D0-8D11-00A0C91BC942}") = "exam-16-02-function-array2", "exam-16-02-function-array2\exam-16-02-function-array2.vcxproj", "{53FBFF7D-FA94-441C-A259-0FB4B9611895}"
EndProject
Project("{8BC9CEB8-8B4A-11D0-8D11-00A0C91BC942}") = "exam-16-03-call-by-value", "exam-16-03-call-by-value\exam-16-03-call-by-value.vcxproj", "{259A9C5C-D90A-40F7-9870-F1923A7D53B6}"
EndProject
Project("{8BC9CEB8-8B4A-11D0-8D11-00A0C91BC942}") = "exam-16-04-call-by-reference", "exam-16-04-call-by-reference\exam-16-04-call-by-reference.vcxproj", "{A9DD0298-6D89-4EBD-82DC-DA213CE57EEE}"
EndProject
Project("{8BC9CEB8-8B4A-11D0-8D11-00A0C91BC942}") = "exam-16-05-recursive-function", "exam-16-05-recursive-function\exam-16-05-recursive-function.vcxproj", "{61739614-C50C-402B-9E46-E24C27540DF0}"
EndProject
Project("{8BC9CEB8-8B4A-11D0-8D11-00A0C91BC942}") = "exam-16-05-recursive-function2", "exam-16-05-recursive-function2\exam-16-05-recursive-function2.vcxproj", "{6173912E-026E-4BCB-88D2-4CCC8CD0DA7D}"
EndProject
Project("{8BC9CEB8-8B4A-11D0-8D11-00A0C91BC942}") = "exam-17-01-double-pointer", "exam-17-01-double-pointer\exam-17-01-double-pointer.vcxproj", "{0F2C88F1-AB48-4E5D-8EFB-E98A02556499}"
EndProject
Project("{8BC9CEB8-8B4A-11D0-8D11-00A0C91BC942}") = "exam-17-02-double-pointer-swap", "exam-17-02-double-pointer-swap\exam-17-02-double-pointer-swap.vcxproj", "{1295541B-8575-47CE-AC3E-1E809AED545C}"
EndProject
Project("{8BC9CEB8-8B4A-11D0-8D11-00A0C91BC942}") = "exam-17-03-multiple-pointer", "exam-17-03-multiple-pointer\exam-17-03-multiple-pointer.vcxproj", "{BF366479-1AAF-4A9E-B2EA-5D0990550744}"
EndProject
Project("{8BC9CEB8-8B4A-11D0-8D11-00A0C91BC942}") = "exam-17-04-function-pointer", "exam-17-04-function-pointer\exam-17-04-function-pointer.vcxproj", "{E6FE9AC2-4842-4543-84A8-CF2C4C01358B}"
EndProject
Project("{8BC9CEB8-8B4A-11D0-8D11-00A0C91BC942}") = "exam-18-01-why-heap", "exam-18-01-why-heap\exam-18-01-why-heap.vcxproj", "{1326DDBE-A22F-47DE-8434-2395B0337DDD}"
EndProject
Project("{8BC9CEB8-8B4A-11D0-8D11-00A0C91BC942}") = "exam-18-02-malloc", "exam-18-02-malloc\exam-18-02-malloc.vcxproj", "{4A6925EA-0978-42D9-9A68-687CD6DCABC0}"
EndProject
Project("{8BC9CEB8-8B4A-11D0-8D11-00A0C91BC942}") = "exam-18-03-why-heap-malloc", "exam-18-03-why-heap-malloc\exam-18-03-why-heap-malloc.vcxproj", "{438BCC35-5781-4651-8DC4-655B34E9DA37}"
EndProject
Project("{8BC9CEB8-8B4A-11D0-8D11-00A0C91BC942}") = "exam-18-04-calloc-realloc", "exam-18-04-calloc-realloc\exam-18-04-calloc-realloc.vcxproj", "{DAB74739-F2AA-4880-A415-328A117D9B88}"
EndProject
Project("{8BC9CEB8-8B4A-11D0-8D11-00A0C91BC942}") = "exam-19-01-strucure", "exam-19-01-strucure\exam-19-01-strucure.vcxproj", "{9911726F-5EDB-4D2A-AB4E-4187EABAA362}"
EndProject
Project("{8BC9CEB8-8B4A-11D0-8D11-00A0C91BC942}") = "exam-19-02-structure-init", "exam-19-02-structure-init\exam-19-02-structure-init.vcxproj", "{A94EEC92-7F52-4DE6-B997-1F10DF150466}"
EndProject
Project("{8BC9CEB8-8B4A-11D0-8D11-00A0C91BC942}") = "exam-19-03-structure-array", "exam-19-03-structure-array\exam-19-03-structure-array.vcxproj", "{1D837A5E-500D-41DB-8C8C-DFCBE3EE78A3}"
EndProject
Project("{8BC9CEB8-8B4A-11D0-8D11-00A0C91BC942}") = "exam-19-04-typedef", "exam-19-04-typedef\exam-19-04-typedef.vcxproj", "{DD51D71F-096E-4B7D-BCB5-A237D8C02988}"
EndProject
Project("{8BC9CEB8-8B4A-11D0-8D11-00A0C91BC942}") = "exam-19-05-structure-typedef", "exam-19-05-structure-typedef\exam-19-05-structure-typedef.vcxproj", "{2A991230-4F3C-45B5-A17F-4806F16A1813}"
EndProject
Project("{8BC9CEB8-8B4A-11D0-8D11-00A0C91BC942}") = "exam-20-01-structure-pointer", "exam-20-01-pointer\exam-20-01-pointer.vcxproj", "{C9560BBD-46C4-4AB5-948E-342B24E16481}"
EndProject
Project("{8BC9CEB8-8B4A-11D0-8D11-00A0C91BC942}") = "exam-20-02-structure-pointer2", "exam-20-01-structure-pointer\exam-20-01-structure-pointer.vcxproj", "{A9A77C7B-782B-4691-A18B-2C81298CECE6}"
EndProject
Project("{8BC9CEB8-8B4A-11D0-8D11-00A0C91BC942}") = "exam-20-03-nested-structure", "exam-20-03-nested-structure\exam-20-03-nested-structure.vcxproj", "{7B73C751-A17A-4C14-83C2-1968EC298EF3}"
EndProject
Project("{8BC9CEB8-8B4A-11D0-8D11-00A0C91BC942}") = "exam-20-04-structrue-array-member", "exam-20-04-structrue-array-member\exam-20-04-structrue-array-member.vcxproj", "{8B78B4E5-B1AA-4506-BBE4-DA98D83505F6}"
EndProject
Project("{8BC9CEB8-8B4A-11D0-8D11-00A0C91BC942}") = "exam-20-05-structure-function", "exam-20-05-structure-function\exam-20-05-structure-function.vcxproj", "{BE656827-1D3B-48B7-8056-D833DECCFE2A}"
EndProject
Project("{8BC9CEB8-8B4A-11D0-8D11-00A0C91BC942}") = "exam-20-06-structure-call-by-reference", "exam-20-06-structure-call-by\exam-20-06-structure-call-by.vcxproj", "{23FDD571-B1E6-4590-8BC9-670C14D77E49}"
EndProject
Global
	GlobalSection(SolutionConfigurationPlatforms) = preSolution
		Debug|x64 = Debug|x64
		Debug|x86 = Debug|x86
		Release|x64 = Release|x64
		Release|x86 = Release|x86
	EndGlobalSection
	GlobalSection(ProjectConfigurationPlatforms) = postSolution
		{BEBF8571-04B6-4813-A4E1-0C4154AF87B2}.Debug|x64.ActiveCfg = Debug|x64
		{BEBF8571-04B6-4813-A4E1-0C4154AF87B2}.Debug|x64.Build.0 = Debug|x64
		{BEBF8571-04B6-4813-A4E1-0C4154AF87B2}.Debug|x86.ActiveCfg = Debug|Win32
		{BEBF8571-04B6-4813-A4E1-0C4154AF87B2}.Debug|x86.Build.0 = Debug|Win32
		{BEBF8571-04B6-4813-A4E1-0C4154AF87B2}.Release|x64.ActiveCfg = Release|x64
		{BEBF8571-04B6-4813-A4E1-0C4154AF87B2}.Release|x64.Build.0 = Release|x64
		{BEBF8571-04B6-4813-A4E1-0C4154AF87B2}.Release|x86.ActiveCfg = Release|Win32
		{BEBF8571-04B6-4813-A4E1-0C4154AF87B2}.Release|x86.Build.0 = Release|Win32
		{CEE64B77-508C-4344-837A-9A36101FDF98}.Debug|x64.ActiveCfg = Debug|x64
		{CEE64B77-508C-4344-837A-9A36101FDF98}.Debug|x64.Build.0 = Debug|x64
		{CEE64B77-508C-4344-837A-9A36101FDF98}.Debug|x86.ActiveCfg = Debug|Win32
		{CEE64B77-508C-4344-837A-9A36101FDF98}.Debug|x86.Build.0 = Debug|Win32
		{CEE64B77-508C-4344-837A-9A36101FDF98}.Release|x64.ActiveCfg = Release|x64
		{CEE64B77-508C-4344-837A-9A36101FDF98}.Release|x64.Build.0 = Release|x64
		{CEE64B77-508C-4344-837A-9A36101FDF98}.Release|x86.ActiveCfg = Release|Win32
		{CEE64B77-508C-4344-837A-9A36101FDF98}.Release|x86.Build.0 = Release|Win32
		{962F154A-E386-43BC-9543-9E2FA934E994}.Debug|x64.ActiveCfg = Debug|x64
		{962F154A-E386-43BC-9543-9E2FA934E994}.Debug|x64.Build.0 = Debug|x64
		{962F154A-E386-43BC-9543-9E2FA934E994}.Debug|x86.ActiveCfg = Debug|Win32
		{962F154A-E386-43BC-9543-9E2FA934E994}.Debug|x86.Build.0 = Debug|Win32
		{962F154A-E386-43BC-9543-9E2FA934E994}.Release|x64.ActiveCfg = Release|x64
		{962F154A-E386-43BC-9543-9E2FA934E994}.Release|x64.Build.0 = Release|x64
		{962F154A-E386-43BC-9543-9E2FA934E994}.Release|x86.ActiveCfg = Release|Win32
		{962F154A-E386-43BC-9543-9E2FA934E994}.Release|x86.Build.0 = Release|Win32
		{B3F8C289-2E23-4A2D-9489-B84C42CD7A75}.Debug|x64.ActiveCfg = Debug|x64
		{B3F8C289-2E23-4A2D-9489-B84C42CD7A75}.Debug|x64.Build.0 = Debug|x64
		{B3F8C289-2E23-4A2D-9489-B84C42CD7A75}.Debug|x86.ActiveCfg = Debug|Win32
		{B3F8C289-2E23-4A2D-9489-B84C42CD7A75}.Debug|x86.Build.0 = Debug|Win32
		{B3F8C289-2E23-4A2D-9489-B84C42CD7A75}.Release|x64.ActiveCfg = Release|x64
		{B3F8C289-2E23-4A2D-9489-B84C42CD7A75}.Release|x64.Build.0 = Release|x64
		{B3F8C289-2E23-4A2D-9489-B84C42CD7A75}.Release|x86.ActiveCfg = Release|Win32
		{B3F8C289-2E23-4A2D-9489-B84C42CD7A75}.Release|x86.Build.0 = Release|Win32
		{57A7ED42-EC38-4A59-960B-F5D0B6EA6519}.Debug|x64.ActiveCfg = Debug|x64
		{57A7ED42-EC38-4A59-960B-F5D0B6EA6519}.Debug|x64.Build.0 = Debug|x64
		{57A7ED42-EC38-4A59-960B-F5D0B6EA6519}.Debug|x86.ActiveCfg = Debug|Win32
		{57A7ED42-EC38-4A59-960B-F5D0B6EA6519}.Debug|x86.Build.0 = Debug|Win32
		{57A7ED42-EC38-4A59-960B-F5D0B6EA6519}.Release|x64.ActiveCfg = Release|x64
		{57A7ED42-EC38-4A59-960B-F5D0B6EA6519}.Release|x64.Build.0 = Release|x64
		{57A7ED42-EC38-4A59-960B-F5D0B6EA6519}.Release|x86.ActiveCfg = Release|Win32
		{57A7ED42-EC38-4A59-960B-F5D0B6EA6519}.Release|x86.Build.0 = Release|Win32
		{91C0A853-731D-4241-9D6D-3C6DFF3052B6}.Debug|x64.ActiveCfg = Debug|x64
		{91C0A853-731D-4241-9D6D-3C6DFF3052B6}.Debug|x64.Build.0 = Debug|x64
		{91C0A853-731D-4241-9D6D-3C6DFF3052B6}.Debug|x86.ActiveCfg = Debug|Win32
		{91C0A853-731D-4241-9D6D-3C6DFF3052B6}.Debug|x86.Build.0 = Debug|Win32
		{91C0A853-731D-4241-9D6D-3C6DFF3052B6}.Release|x64.ActiveCfg = Release|x64
		{91C0A853-731D-4241-9D6D-3C6DFF3052B6}.Release|x64.Build.0 = Release|x64
		{91C0A853-731D-4241-9D6D-3C6DFF3052B6}.Release|x86.ActiveCfg = Release|Win32
		{91C0A853-731D-4241-9D6D-3C6DFF3052B6}.Release|x86.Build.0 = Release|Win32
		{EF1E1978-69E2-4C3D-A198-C1285BC9577C}.Debug|x64.ActiveCfg = Debug|x64
		{EF1E1978-69E2-4C3D-A198-C1285BC9577C}.Debug|x64.Build.0 = Debug|x64
		{EF1E1978-69E2-4C3D-A198-C1285BC9577C}.Debug|x86.ActiveCfg = Debug|Win32
		{EF1E1978-69E2-4C3D-A198-C1285BC9577C}.Debug|x86.Build.0 = Debug|Win32
		{EF1E1978-69E2-4C3D-A198-C1285BC9577C}.Release|x64.ActiveCfg = Release|x64
		{EF1E1978-69E2-4C3D-A198-C1285BC9577C}.Release|x64.Build.0 = Release|x64
		{EF1E1978-69E2-4C3D-A198-C1285BC9577C}.Release|x86.ActiveCfg = Release|Win32
		{EF1E1978-69E2-4C3D-A198-C1285BC9577C}.Release|x86.Build.0 = Release|Win32
		{F6DA54AA-E9A3-4603-AE04-AEDCC746FAC9}.Debug|x64.ActiveCfg = Debug|x64
		{F6DA54AA-E9A3-4603-AE04-AEDCC746FAC9}.Debug|x64.Build.0 = Debug|x64
		{F6DA54AA-E9A3-4603-AE04-AEDCC746FAC9}.Debug|x86.ActiveCfg = Debug|Win32
		{F6DA54AA-E9A3-4603-AE04-AEDCC746FAC9}.Debug|x86.Build.0 = Debug|Win32
		{F6DA54AA-E9A3-4603-AE04-AEDCC746FAC9}.Release|x64.ActiveCfg = Release|x64
		{F6DA54AA-E9A3-4603-AE04-AEDCC746FAC9}.Release|x64.Build.0 = Release|x64
		{F6DA54AA-E9A3-4603-AE04-AEDCC746FAC9}.Release|x86.ActiveCfg = Release|Win32
		{F6DA54AA-E9A3-4603-AE04-AEDCC746FAC9}.Release|x86.Build.0 = Release|Win32
		{80999092-663D-4C76-9835-E96FED2E2809}.Debug|x64.ActiveCfg = Debug|x64
		{80999092-663D-4C76-9835-E96FED2E2809}.Debug|x64.Build.0 = Debug|x64
		{80999092-663D-4C76-9835-E96FED2E2809}.Debug|x86.ActiveCfg = Debug|Win32
		{80999092-663D-4C76-9835-E96FED2E2809}.Debug|x86.Build.0 = Debug|Win32
		{80999092-663D-4C76-9835-E96FED2E2809}.Release|x64.ActiveCfg = Release|x64
		{80999092-663D-4C76-9835-E96FED2E2809}.Release|x64.Build.0 = Release|x64
		{80999092-663D-4C76-9835-E96FED2E2809}.Release|x86.ActiveCfg = Release|Win32
		{80999092-663D-4C76-9835-E96FED2E2809}.Release|x86.Build.0 = Release|Win32
		{72A29C75-685C-4310-B5C6-741FAAE24020}.Debug|x64.ActiveCfg = Debug|x64
		{72A29C75-685C-4310-B5C6-741FAAE24020}.Debug|x64.Build.0 = Debug|x64
		{72A29C75-685C-4310-B5C6-741FAAE24020}.Debug|x86.ActiveCfg = Debug|Win32
		{72A29C75-685C-4310-B5C6-741FAAE24020}.Debug|x86.Build.0 = Debug|Win32
		{72A29C75-685C-4310-B5C6-741FAAE24020}.Release|x64.ActiveCfg = Release|x64
		{72A29C75-685C-4310-B5C6-741FAAE24020}.Release|x64.Build.0 = Release|x64
		{72A29C75-685C-4310-B5C6-741FAAE24020}.Release|x86.ActiveCfg = Release|Win32
		{72A29C75-685C-4310-B5C6-741FAAE24020}.Release|x86.Build.0 = Release|Win32
		{3069BD7B-64AB-4138-8679-55108B1856FD}.Debug|x64.ActiveCfg = Debug|x64
		{3069BD7B-64AB-4138-8679-55108B1856FD}.Debug|x64.Build.0 = Debug|x64
		{3069BD7B-64AB-4138-8679-55108B1856FD}.Debug|x86.ActiveCfg = Debug|Win32
		{3069BD7B-64AB-4138-8679-55108B1856FD}.Debug|x86.Build.0 = Debug|Win32
		{3069BD7B-64AB-4138-8679-55108B1856FD}.Release|x64.ActiveCfg = Release|x64
		{3069BD7B-64AB-4138-8679-55108B1856FD}.Release|x64.Build.0 = Release|x64
		{3069BD7B-64AB-4138-8679-55108B1856FD}.Release|x86.ActiveCfg = Release|Win32
		{3069BD7B-64AB-4138-8679-55108B1856FD}.Release|x86.Build.0 = Release|Win32
		{73AF37BD-3011-4264-9B71-BF74EDAFD98B}.Debug|x64.ActiveCfg = Debug|x64
		{73AF37BD-3011-4264-9B71-BF74EDAFD98B}.Debug|x64.Build.0 = Debug|x64
		{73AF37BD-3011-4264-9B71-BF74EDAFD98B}.Debug|x86.ActiveCfg = Debug|Win32
		{73AF37BD-3011-4264-9B71-BF74EDAFD98B}.Debug|x86.Build.0 = Debug|Win32
		{73AF37BD-3011-4264-9B71-BF74EDAFD98B}.Release|x64.ActiveCfg = Release|x64
		{73AF37BD-3011-4264-9B71-BF74EDAFD98B}.Release|x64.Build.0 = Release|x64
		{73AF37BD-3011-4264-9B71-BF74EDAFD98B}.Release|x86.ActiveCfg = Release|Win32
		{73AF37BD-3011-4264-9B71-BF74EDAFD98B}.Release|x86.Build.0 = Release|Win32
		{D61C1954-3E37-44ED-A77E-EBFD596F4249}.Debug|x64.ActiveCfg = Debug|x64
		{D61C1954-3E37-44ED-A77E-EBFD596F4249}.Debug|x64.Build.0 = Debug|x64
		{D61C1954-3E37-44ED-A77E-EBFD596F4249}.Debug|x86.ActiveCfg = Debug|Win32
		{D61C1954-3E37-44ED-A77E-EBFD596F4249}.Debug|x86.Build.0 = Debug|Win32
		{D61C1954-3E37-44ED-A77E-EBFD596F4249}.Release|x64.ActiveCfg = Release|x64
		{D61C1954-3E37-44ED-A77E-EBFD596F4249}.Release|x64.Build.0 = Release|x64
		{D61C1954-3E37-44ED-A77E-EBFD596F4249}.Release|x86.ActiveCfg = Release|Win32
		{D61C1954-3E37-44ED-A77E-EBFD596F4249}.Release|x86.Build.0 = Release|Win32
		{A3511F93-B88F-44DE-AA5F-82D75FF5CE7D}.Debug|x64.ActiveCfg = Debug|x64
		{A3511F93-B88F-44DE-AA5F-82D75FF5CE7D}.Debug|x64.Build.0 = Debug|x64
		{A3511F93-B88F-44DE-AA5F-82D75FF5CE7D}.Debug|x86.ActiveCfg = Debug|Win32
		{A3511F93-B88F-44DE-AA5F-82D75FF5CE7D}.Debug|x86.Build.0 = Debug|Win32
		{A3511F93-B88F-44DE-AA5F-82D75FF5CE7D}.Release|x64.ActiveCfg = Release|x64
		{A3511F93-B88F-44DE-AA5F-82D75FF5CE7D}.Release|x64.Build.0 = Release|x64
		{A3511F93-B88F-44DE-AA5F-82D75FF5CE7D}.Release|x86.ActiveCfg = Release|Win32
		{A3511F93-B88F-44DE-AA5F-82D75FF5CE7D}.Release|x86.Build.0 = Release|Win32
		{F0A57869-DB35-462F-A22A-C268D481829A}.Debug|x64.ActiveCfg = Debug|x64
		{F0A57869-DB35-462F-A22A-C268D481829A}.Debug|x64.Build.0 = Debug|x64
		{F0A57869-DB35-462F-A22A-C268D481829A}.Debug|x86.ActiveCfg = Debug|Win32
		{F0A57869-DB35-462F-A22A-C268D481829A}.Debug|x86.Build.0 = Debug|Win32
		{F0A57869-DB35-462F-A22A-C268D481829A}.Release|x64.ActiveCfg = Release|x64
		{F0A57869-DB35-462F-A22A-C268D481829A}.Release|x64.Build.0 = Release|x64
		{F0A57869-DB35-462F-A22A-C268D481829A}.Release|x86.ActiveCfg = Release|Win32
		{F0A57869-DB35-462F-A22A-C268D481829A}.Release|x86.Build.0 = Release|Win32
		{CADD7D3D-A998-4A26-A81D-E78B71B2468B}.Debug|x64.ActiveCfg = Debug|x64
		{CADD7D3D-A998-4A26-A81D-E78B71B2468B}.Debug|x64.Build.0 = Debug|x64
		{CADD7D3D-A998-4A26-A81D-E78B71B2468B}.Debug|x86.ActiveCfg = Debug|Win32
		{CADD7D3D-A998-4A26-A81D-E78B71B2468B}.Debug|x86.Build.0 = Debug|Win32
		{CADD7D3D-A998-4A26-A81D-E78B71B2468B}.Release|x64.ActiveCfg = Release|x64
		{CADD7D3D-A998-4A26-A81D-E78B71B2468B}.Release|x64.Build.0 = Release|x64
		{CADD7D3D-A998-4A26-A81D-E78B71B2468B}.Release|x86.ActiveCfg = Release|Win32
		{CADD7D3D-A998-4A26-A81D-E78B71B2468B}.Release|x86.Build.0 = Release|Win32
		{F539BF81-77A6-44EB-8539-DD9C9F41568B}.Debug|x64.ActiveCfg = Debug|x64
		{F539BF81-77A6-44EB-8539-DD9C9F41568B}.Debug|x64.Build.0 = Debug|x64
		{F539BF81-77A6-44EB-8539-DD9C9F41568B}.Debug|x86.ActiveCfg = Debug|Win32
		{F539BF81-77A6-44EB-8539-DD9C9F41568B}.Debug|x86.Build.0 = Debug|Win32
		{F539BF81-77A6-44EB-8539-DD9C9F41568B}.Release|x64.ActiveCfg = Release|x64
		{F539BF81-77A6-44EB-8539-DD9C9F41568B}.Release|x64.Build.0 = Release|x64
		{F539BF81-77A6-44EB-8539-DD9C9F41568B}.Release|x86.ActiveCfg = Release|Win32
		{F539BF81-77A6-44EB-8539-DD9C9F41568B}.Release|x86.Build.0 = Release|Win32
		{6B8A6D7E-2500-4108-BF88-8A2B35D580FA}.Debug|x64.ActiveCfg = Debug|x64
		{6B8A6D7E-2500-4108-BF88-8A2B35D580FA}.Debug|x64.Build.0 = Debug|x64
		{6B8A6D7E-2500-4108-BF88-8A2B35D580FA}.Debug|x86.ActiveCfg = Debug|Win32
		{6B8A6D7E-2500-4108-BF88-8A2B35D580FA}.Debug|x86.Build.0 = Debug|Win32
		{6B8A6D7E-2500-4108-BF88-8A2B35D580FA}.Release|x64.ActiveCfg = Release|x64
		{6B8A6D7E-2500-4108-BF88-8A2B35D580FA}.Release|x64.Build.0 = Release|x64
		{6B8A6D7E-2500-4108-BF88-8A2B35D580FA}.Release|x86.ActiveCfg = Release|Win32
		{6B8A6D7E-2500-4108-BF88-8A2B35D580FA}.Release|x86.Build.0 = Release|Win32
		{2DED99AB-DC4A-4EBB-B894-F009CBEE580C}.Debug|x64.ActiveCfg = Debug|x64
		{2DED99AB-DC4A-4EBB-B894-F009CBEE580C}.Debug|x64.Build.0 = Debug|x64
		{2DED99AB-DC4A-4EBB-B894-F009CBEE580C}.Debug|x86.ActiveCfg = Debug|Win32
		{2DED99AB-DC4A-4EBB-B894-F009CBEE580C}.Debug|x86.Build.0 = Debug|Win32
		{2DED99AB-DC4A-4EBB-B894-F009CBEE580C}.Release|x64.ActiveCfg = Release|x64
		{2DED99AB-DC4A-4EBB-B894-F009CBEE580C}.Release|x64.Build.0 = Release|x64
		{2DED99AB-DC4A-4EBB-B894-F009CBEE580C}.Release|x86.ActiveCfg = Release|Win32
		{2DED99AB-DC4A-4EBB-B894-F009CBEE580C}.Release|x86.Build.0 = Release|Win32
		{F213E5E5-AAFF-4F40-88AB-9C61A3F08444}.Debug|x64.ActiveCfg = Debug|x64
		{F213E5E5-AAFF-4F40-88AB-9C61A3F08444}.Debug|x64.Build.0 = Debug|x64
		{F213E5E5-AAFF-4F40-88AB-9C61A3F08444}.Debug|x86.ActiveCfg = Debug|Win32
		{F213E5E5-AAFF-4F40-88AB-9C61A3F08444}.Debug|x86.Build.0 = Debug|Win32
		{F213E5E5-AAFF-4F40-88AB-9C61A3F08444}.Release|x64.ActiveCfg = Release|x64
		{F213E5E5-AAFF-4F40-88AB-9C61A3F08444}.Release|x64.Build.0 = Release|x64
		{F213E5E5-AAFF-4F40-88AB-9C61A3F08444}.Release|x86.ActiveCfg = Release|Win32
		{F213E5E5-AAFF-4F40-88AB-9C61A3F08444}.Release|x86.Build.0 = Release|Win32
		{A65524A9-E9BD-43EF-B820-CCEE4D9117E2}.Debug|x64.ActiveCfg = Debug|x64
		{A65524A9-E9BD-43EF-B820-CCEE4D9117E2}.Debug|x64.Build.0 = Debug|x64
		{A65524A9-E9BD-43EF-B820-CCEE4D9117E2}.Debug|x86.ActiveCfg = Debug|Win32
		{A65524A9-E9BD-43EF-B820-CCEE4D9117E2}.Debug|x86.Build.0 = Debug|Win32
		{A65524A9-E9BD-43EF-B820-CCEE4D9117E2}.Release|x64.ActiveCfg = Release|x64
		{A65524A9-E9BD-43EF-B820-CCEE4D9117E2}.Release|x64.Build.0 = Release|x64
		{A65524A9-E9BD-43EF-B820-CCEE4D9117E2}.Release|x86.ActiveCfg = Release|Win32
		{A65524A9-E9BD-43EF-B820-CCEE4D9117E2}.Release|x86.Build.0 = Release|Win32
		{49CBA3BE-A36F-4054-8479-D73A41D69E55}.Debug|x64.ActiveCfg = Debug|x64
		{49CBA3BE-A36F-4054-8479-D73A41D69E55}.Debug|x64.Build.0 = Debug|x64
		{49CBA3BE-A36F-4054-8479-D73A41D69E55}.Debug|x86.ActiveCfg = Debug|Win32
		{49CBA3BE-A36F-4054-8479-D73A41D69E55}.Debug|x86.Build.0 = Debug|Win32
		{49CBA3BE-A36F-4054-8479-D73A41D69E55}.Release|x64.ActiveCfg = Release|x64
		{49CBA3BE-A36F-4054-8479-D73A41D69E55}.Release|x64.Build.0 = Release|x64
		{49CBA3BE-A36F-4054-8479-D73A41D69E55}.Release|x86.ActiveCfg = Release|Win32
		{49CBA3BE-A36F-4054-8479-D73A41D69E55}.Release|x86.Build.0 = Release|Win32
		{06C4A673-3A45-4775-B88F-217E67B73054}.Debug|x64.ActiveCfg = Debug|x64
		{06C4A673-3A45-4775-B88F-217E67B73054}.Debug|x64.Build.0 = Debug|x64
		{06C4A673-3A45-4775-B88F-217E67B73054}.Debug|x86.ActiveCfg = Debug|Win32
		{06C4A673-3A45-4775-B88F-217E67B73054}.Debug|x86.Build.0 = Debug|Win32
		{06C4A673-3A45-4775-B88F-217E67B73054}.Release|x64.ActiveCfg = Release|x64
		{06C4A673-3A45-4775-B88F-217E67B73054}.Release|x64.Build.0 = Release|x64
		{06C4A673-3A45-4775-B88F-217E67B73054}.Release|x86.ActiveCfg = Release|Win32
		{06C4A673-3A45-4775-B88F-217E67B73054}.Release|x86.Build.0 = Release|Win32
		{E7F5FA7B-F7A9-4F2A-92A6-30D1C2C458E5}.Debug|x64.ActiveCfg = Debug|x64
		{E7F5FA7B-F7A9-4F2A-92A6-30D1C2C458E5}.Debug|x64.Build.0 = Debug|x64
		{E7F5FA7B-F7A9-4F2A-92A6-30D1C2C458E5}.Debug|x86.ActiveCfg = Debug|Win32
		{E7F5FA7B-F7A9-4F2A-92A6-30D1C2C458E5}.Debug|x86.Build.0 = Debug|Win32
		{E7F5FA7B-F7A9-4F2A-92A6-30D1C2C458E5}.Release|x64.ActiveCfg = Release|x64
		{E7F5FA7B-F7A9-4F2A-92A6-30D1C2C458E5}.Release|x64.Build.0 = Release|x64
		{E7F5FA7B-F7A9-4F2A-92A6-30D1C2C458E5}.Release|x86.ActiveCfg = Release|Win32
		{E7F5FA7B-F7A9-4F2A-92A6-30D1C2C458E5}.Release|x86.Build.0 = Release|Win32
		{25D1BB5D-ED03-4A8A-BEFB-A2A2A668F2EA}.Debug|x64.ActiveCfg = Debug|x64
		{25D1BB5D-ED03-4A8A-BEFB-A2A2A668F2EA}.Debug|x64.Build.0 = Debug|x64
		{25D1BB5D-ED03-4A8A-BEFB-A2A2A668F2EA}.Debug|x86.ActiveCfg = Debug|Win32
		{25D1BB5D-ED03-4A8A-BEFB-A2A2A668F2EA}.Debug|x86.Build.0 = Debug|Win32
		{25D1BB5D-ED03-4A8A-BEFB-A2A2A668F2EA}.Release|x64.ActiveCfg = Release|x64
		{25D1BB5D-ED03-4A8A-BEFB-A2A2A668F2EA}.Release|x64.Build.0 = Release|x64
		{25D1BB5D-ED03-4A8A-BEFB-A2A2A668F2EA}.Release|x86.ActiveCfg = Release|Win32
		{25D1BB5D-ED03-4A8A-BEFB-A2A2A668F2EA}.Release|x86.Build.0 = Release|Win32
		{8450EFC4-9208-4778-8378-7B398F6144F1}.Debug|x64.ActiveCfg = Debug|x64
		{8450EFC4-9208-4778-8378-7B398F6144F1}.Debug|x64.Build.0 = Debug|x64
		{8450EFC4-9208-4778-8378-7B398F6144F1}.Debug|x86.ActiveCfg = Debug|Win32
		{8450EFC4-9208-4778-8378-7B398F6144F1}.Debug|x86.Build.0 = Debug|Win32
		{8450EFC4-9208-4778-8378-7B398F6144F1}.Release|x64.ActiveCfg = Release|x64
		{8450EFC4-9208-4778-8378-7B398F6144F1}.Release|x64.Build.0 = Release|x64
		{8450EFC4-9208-4778-8378-7B398F6144F1}.Release|x86.ActiveCfg = Release|Win32
		{8450EFC4-9208-4778-8378-7B398F6144F1}.Release|x86.Build.0 = Release|Win32
		{BBD4D5C7-DAAA-4CCB-9283-91D61C8F56D9}.Debug|x64.ActiveCfg = Debug|x64
		{BBD4D5C7-DAAA-4CCB-9283-91D61C8F56D9}.Debug|x64.Build.0 = Debug|x64
		{BBD4D5C7-DAAA-4CCB-9283-91D61C8F56D9}.Debug|x86.ActiveCfg = Debug|Win32
		{BBD4D5C7-DAAA-4CCB-9283-91D61C8F56D9}.Debug|x86.Build.0 = Debug|Win32
		{BBD4D5C7-DAAA-4CCB-9283-91D61C8F56D9}.Release|x64.ActiveCfg = Release|x64
		{BBD4D5C7-DAAA-4CCB-9283-91D61C8F56D9}.Release|x64.Build.0 = Release|x64
		{BBD4D5C7-DAAA-4CCB-9283-91D61C8F56D9}.Release|x86.ActiveCfg = Release|Win32
		{BBD4D5C7-DAAA-4CCB-9283-91D61C8F56D9}.Release|x86.Build.0 = Release|Win32
		{55596116-D7E4-4AEC-B866-DCCF6FC34F23}.Debug|x64.ActiveCfg = Debug|x64
		{55596116-D7E4-4AEC-B866-DCCF6FC34F23}.Debug|x64.Build.0 = Debug|x64
		{55596116-D7E4-4AEC-B866-DCCF6FC34F23}.Debug|x86.ActiveCfg = Debug|Win32
		{55596116-D7E4-4AEC-B866-DCCF6FC34F23}.Debug|x86.Build.0 = Debug|Win32
		{55596116-D7E4-4AEC-B866-DCCF6FC34F23}.Release|x64.ActiveCfg = Release|x64
		{55596116-D7E4-4AEC-B866-DCCF6FC34F23}.Release|x64.Build.0 = Release|x64
		{55596116-D7E4-4AEC-B866-DCCF6FC34F23}.Release|x86.ActiveCfg = Release|Win32
		{55596116-D7E4-4AEC-B866-DCCF6FC34F23}.Release|x86.Build.0 = Release|Win32
		{6A25D5C0-6D93-4348-815E-D114223BCF90}.Debug|x64.ActiveCfg = Debug|x64
		{6A25D5C0-6D93-4348-815E-D114223BCF90}.Debug|x64.Build.0 = Debug|x64
		{6A25D5C0-6D93-4348-815E-D114223BCF90}.Debug|x86.ActiveCfg = Debug|Win32
		{6A25D5C0-6D93-4348-815E-D114223BCF90}.Debug|x86.Build.0 = Debug|Win32
		{6A25D5C0-6D93-4348-815E-D114223BCF90}.Release|x64.ActiveCfg = Release|x64
		{6A25D5C0-6D93-4348-815E-D114223BCF90}.Release|x64.Build.0 = Release|x64
		{6A25D5C0-6D93-4348-815E-D114223BCF90}.Release|x86.ActiveCfg = Release|Win32
		{6A25D5C0-6D93-4348-815E-D114223BCF90}.Release|x86.Build.0 = Release|Win32
		{E17685F1-B09A-426D-8F77-9D970BE2C1F5}.Debug|x64.ActiveCfg = Debug|x64
		{E17685F1-B09A-426D-8F77-9D970BE2C1F5}.Debug|x64.Build.0 = Debug|x64
		{E17685F1-B09A-426D-8F77-9D970BE2C1F5}.Debug|x86.ActiveCfg = Debug|Win32
		{E17685F1-B09A-426D-8F77-9D970BE2C1F5}.Debug|x86.Build.0 = Debug|Win32
		{E17685F1-B09A-426D-8F77-9D970BE2C1F5}.Release|x64.ActiveCfg = Release|x64
		{E17685F1-B09A-426D-8F77-9D970BE2C1F5}.Release|x64.Build.0 = Release|x64
		{E17685F1-B09A-426D-8F77-9D970BE2C1F5}.Release|x86.ActiveCfg = Release|Win32
		{E17685F1-B09A-426D-8F77-9D970BE2C1F5}.Release|x86.Build.0 = Release|Win32
		{8F75ECF2-05FA-44E6-9721-A474F4434837}.Debug|x64.ActiveCfg = Debug|x64
		{8F75ECF2-05FA-44E6-9721-A474F4434837}.Debug|x64.Build.0 = Debug|x64
		{8F75ECF2-05FA-44E6-9721-A474F4434837}.Debug|x86.ActiveCfg = Debug|Win32
		{8F75ECF2-05FA-44E6-9721-A474F4434837}.Debug|x86.Build.0 = Debug|Win32
		{8F75ECF2-05FA-44E6-9721-A474F4434837}.Release|x64.ActiveCfg = Release|x64
		{8F75ECF2-05FA-44E6-9721-A474F4434837}.Release|x64.Build.0 = Release|x64
		{8F75ECF2-05FA-44E6-9721-A474F4434837}.Release|x86.ActiveCfg = Release|Win32
		{8F75ECF2-05FA-44E6-9721-A474F4434837}.Release|x86.Build.0 = Release|Win32
		{140F0142-2448-4A0E-B72F-15C1F59D8A6D}.Debug|x64.ActiveCfg = Debug|x64
		{140F0142-2448-4A0E-B72F-15C1F59D8A6D}.Debug|x64.Build.0 = Debug|x64
		{140F0142-2448-4A0E-B72F-15C1F59D8A6D}.Debug|x86.ActiveCfg = Debug|Win32
		{140F0142-2448-4A0E-B72F-15C1F59D8A6D}.Debug|x86.Build.0 = Debug|Win32
		{140F0142-2448-4A0E-B72F-15C1F59D8A6D}.Release|x64.ActiveCfg = Release|x64
		{140F0142-2448-4A0E-B72F-15C1F59D8A6D}.Release|x64.Build.0 = Release|x64
		{140F0142-2448-4A0E-B72F-15C1F59D8A6D}.Release|x86.ActiveCfg = Release|Win32
		{140F0142-2448-4A0E-B72F-15C1F59D8A6D}.Release|x86.Build.0 = Release|Win32
		{24BE001B-688D-4BF8-A241-B6FF5609412A}.Debug|x64.ActiveCfg = Debug|x64
		{24BE001B-688D-4BF8-A241-B6FF5609412A}.Debug|x64.Build.0 = Debug|x64
		{24BE001B-688D-4BF8-A241-B6FF5609412A}.Debug|x86.ActiveCfg = Debug|Win32
		{24BE001B-688D-4BF8-A241-B6FF5609412A}.Debug|x86.Build.0 = Debug|Win32
		{24BE001B-688D-4BF8-A241-B6FF5609412A}.Release|x64.ActiveCfg = Release|x64
		{24BE001B-688D-4BF8-A241-B6FF5609412A}.Release|x64.Build.0 = Release|x64
		{24BE001B-688D-4BF8-A241-B6FF5609412A}.Release|x86.ActiveCfg = Release|Win32
		{24BE001B-688D-4BF8-A241-B6FF5609412A}.Release|x86.Build.0 = Release|Win32
		{41CE08BD-001B-4A44-A1C4-39FEEDFC2F31}.Debug|x64.ActiveCfg = Debug|x64
		{41CE08BD-001B-4A44-A1C4-39FEEDFC2F31}.Debug|x64.Build.0 = Debug|x64
		{41CE08BD-001B-4A44-A1C4-39FEEDFC2F31}.Debug|x86.ActiveCfg = Debug|Win32
		{41CE08BD-001B-4A44-A1C4-39FEEDFC2F31}.Debug|x86.Build.0 = Debug|Win32
		{41CE08BD-001B-4A44-A1C4-39FEEDFC2F31}.Release|x64.ActiveCfg = Release|x64
		{41CE08BD-001B-4A44-A1C4-39FEEDFC2F31}.Release|x64.Build.0 = Release|x64
		{41CE08BD-001B-4A44-A1C4-39FEEDFC2F31}.Release|x86.ActiveCfg = Release|Win32
		{41CE08BD-001B-4A44-A1C4-39FEEDFC2F31}.Release|x86.Build.0 = Release|Win32
		{81E74532-84BA-4E12-B1C0-5CA9A8310374}.Debug|x64.ActiveCfg = Debug|x64
		{81E74532-84BA-4E12-B1C0-5CA9A8310374}.Debug|x64.Build.0 = Debug|x64
		{81E74532-84BA-4E12-B1C0-5CA9A8310374}.Debug|x86.ActiveCfg = Debug|Win32
		{81E74532-84BA-4E12-B1C0-5CA9A8310374}.Debug|x86.Build.0 = Debug|Win32
		{81E74532-84BA-4E12-B1C0-5CA9A8310374}.Release|x64.ActiveCfg = Release|x64
		{81E74532-84BA-4E12-B1C0-5CA9A8310374}.Release|x64.Build.0 = Release|x64
		{81E74532-84BA-4E12-B1C0-5CA9A8310374}.Release|x86.ActiveCfg = Release|Win32
		{81E74532-84BA-4E12-B1C0-5CA9A8310374}.Release|x86.Build.0 = Release|Win32
		{53FBFF7D-FA94-441C-A259-0FB4B9611895}.Debug|x64.ActiveCfg = Debug|x64
		{53FBFF7D-FA94-441C-A259-0FB4B9611895}.Debug|x64.Build.0 = Debug|x64
		{53FBFF7D-FA94-441C-A259-0FB4B9611895}.Debug|x86.ActiveCfg = Debug|Win32
		{53FBFF7D-FA94-441C-A259-0FB4B9611895}.Debug|x86.Build.0 = Debug|Win32
		{53FBFF7D-FA94-441C-A259-0FB4B9611895}.Release|x64.ActiveCfg = Release|x64
		{53FBFF7D-FA94-441C-A259-0FB4B9611895}.Release|x64.Build.0 = Release|x64
		{53FBFF7D-FA94-441C-A259-0FB4B9611895}.Release|x86.ActiveCfg = Release|Win32
		{53FBFF7D-FA94-441C-A259-0FB4B9611895}.Release|x86.Build.0 = Release|Win32
		{259A9C5C-D90A-40F7-9870-F1923A7D53B6}.Debug|x64.ActiveCfg = Debug|x64
		{259A9C5C-D90A-40F7-9870-F1923A7D53B6}.Debug|x64.Build.0 = Debug|x64
		{259A9C5C-D90A-40F7-9870-F1923A7D53B6}.Debug|x86.ActiveCfg = Debug|Win32
		{259A9C5C-D90A-40F7-9870-F1923A7D53B6}.Debug|x86.Build.0 = Debug|Win32
		{259A9C5C-D90A-40F7-9870-F1923A7D53B6}.Release|x64.ActiveCfg = Release|x64
		{259A9C5C-D90A-40F7-9870-F1923A7D53B6}.Release|x64.Build.0 = Release|x64
		{259A9C5C-D90A-40F7-9870-F1923A7D53B6}.Release|x86.ActiveCfg = Release|Win32
		{259A9C5C-D90A-40F7-9870-F1923A7D53B6}.Release|x86.Build.0 = Release|Win32
		{A9DD0298-6D89-4EBD-82DC-DA213CE57EEE}.Debug|x64.ActiveCfg = Debug|x64
		{A9DD0298-6D89-4EBD-82DC-DA213CE57EEE}.Debug|x64.Build.0 = Debug|x64
		{A9DD0298-6D89-4EBD-82DC-DA213CE57EEE}.Debug|x86.ActiveCfg = Debug|Win32
		{A9DD0298-6D89-4EBD-82DC-DA213CE57EEE}.Debug|x86.Build.0 = Debug|Win32
		{A9DD0298-6D89-4EBD-82DC-DA213CE57EEE}.Release|x64.ActiveCfg = Release|x64
		{A9DD0298-6D89-4EBD-82DC-DA213CE57EEE}.Release|x64.Build.0 = Release|x64
		{A9DD0298-6D89-4EBD-82DC-DA213CE57EEE}.Release|x86.ActiveCfg = Release|Win32
		{A9DD0298-6D89-4EBD-82DC-DA213CE57EEE}.Release|x86.Build.0 = Release|Win32
		{61739614-C50C-402B-9E46-E24C27540DF0}.Debug|x64.ActiveCfg = Debug|x64
		{61739614-C50C-402B-9E46-E24C27540DF0}.Debug|x64.Build.0 = Debug|x64
		{61739614-C50C-402B-9E46-E24C27540DF0}.Debug|x86.ActiveCfg = Debug|Win32
		{61739614-C50C-402B-9E46-E24C27540DF0}.Debug|x86.Build.0 = Debug|Win32
		{61739614-C50C-402B-9E46-E24C27540DF0}.Release|x64.ActiveCfg = Release|x64
		{61739614-C50C-402B-9E46-E24C27540DF0}.Release|x64.Build.0 = Release|x64
		{61739614-C50C-402B-9E46-E24C27540DF0}.Release|x86.ActiveCfg = Release|Win32
		{61739614-C50C-402B-9E46-E24C27540DF0}.Release|x86.Build.0 = Release|Win32
		{6173912E-026E-4BCB-88D2-4CCC8CD0DA7D}.Debug|x64.ActiveCfg = Debug|x64
		{6173912E-026E-4BCB-88D2-4CCC8CD0DA7D}.Debug|x64.Build.0 = Debug|x64
		{6173912E-026E-4BCB-88D2-4CCC8CD0DA7D}.Debug|x86.ActiveCfg = Debug|Win32
		{6173912E-026E-4BCB-88D2-4CCC8CD0DA7D}.Debug|x86.Build.0 = Debug|Win32
		{6173912E-026E-4BCB-88D2-4CCC8CD0DA7D}.Release|x64.ActiveCfg = Release|x64
		{6173912E-026E-4BCB-88D2-4CCC8CD0DA7D}.Release|x64.Build.0 = Release|x64
		{6173912E-026E-4BCB-88D2-4CCC8CD0DA7D}.Release|x86.ActiveCfg = Release|Win32
		{6173912E-026E-4BCB-88D2-4CCC8CD0DA7D}.Release|x86.Build.0 = Release|Win32
		{0F2C88F1-AB48-4E5D-8EFB-E98A02556499}.Debug|x64.ActiveCfg = Debug|x64
		{0F2C88F1-AB48-4E5D-8EFB-E98A02556499}.Debug|x64.Build.0 = Debug|x64
		{0F2C88F1-AB48-4E5D-8EFB-E98A02556499}.Debug|x86.ActiveCfg = Debug|Win32
		{0F2C88F1-AB48-4E5D-8EFB-E98A02556499}.Debug|x86.Build.0 = Debug|Win32
		{0F2C88F1-AB48-4E5D-8EFB-E98A02556499}.Release|x64.ActiveCfg = Release|x64
		{0F2C88F1-AB48-4E5D-8EFB-E98A02556499}.Release|x64.Build.0 = Release|x64
		{0F2C88F1-AB48-4E5D-8EFB-E98A02556499}.Release|x86.ActiveCfg = Release|Win32
		{0F2C88F1-AB48-4E5D-8EFB-E98A02556499}.Release|x86.Build.0 = Release|Win32
		{1295541B-8575-47CE-AC3E-1E809AED545C}.Debug|x64.ActiveCfg = Debug|x64
		{1295541B-8575-47CE-AC3E-1E809AED545C}.Debug|x64.Build.0 = Debug|x64
		{1295541B-8575-47CE-AC3E-1E809AED545C}.Debug|x86.ActiveCfg = Debug|Win32
		{1295541B-8575-47CE-AC3E-1E809AED545C}.Debug|x86.Build.0 = Debug|Win32
		{1295541B-8575-47CE-AC3E-1E809AED545C}.Release|x64.ActiveCfg = Release|x64
		{1295541B-8575-47CE-AC3E-1E809AED545C}.Release|x64.Build.0 = Release|x64
		{1295541B-8575-47CE-AC3E-1E809AED545C}.Release|x86.ActiveCfg = Release|Win32
		{1295541B-8575-47CE-AC3E-1E809AED545C}.Release|x86.Build.0 = Release|Win32
		{BF366479-1AAF-4A9E-B2EA-5D0990550744}.Debug|x64.ActiveCfg = Debug|x64
		{BF366479-1AAF-4A9E-B2EA-5D0990550744}.Debug|x64.Build.0 = Debug|x64
		{BF366479-1AAF-4A9E-B2EA-5D0990550744}.Debug|x86.ActiveCfg = Debug|Win32
		{BF366479-1AAF-4A9E-B2EA-5D0990550744}.Debug|x86.Build.0 = Debug|Win32
		{BF366479-1AAF-4A9E-B2EA-5D0990550744}.Release|x64.ActiveCfg = Release|x64
		{BF366479-1AAF-4A9E-B2EA-5D0990550744}.Release|x64.Build.0 = Release|x64
		{BF366479-1AAF-4A9E-B2EA-5D0990550744}.Release|x86.ActiveCfg = Release|Win32
		{BF366479-1AAF-4A9E-B2EA-5D0990550744}.Release|x86.Build.0 = Release|Win32
		{E6FE9AC2-4842-4543-84A8-CF2C4C01358B}.Debug|x64.ActiveCfg = Debug|x64
		{E6FE9AC2-4842-4543-84A8-CF2C4C01358B}.Debug|x64.Build.0 = Debug|x64
		{E6FE9AC2-4842-4543-84A8-CF2C4C01358B}.Debug|x86.ActiveCfg = Debug|Win32
		{E6FE9AC2-4842-4543-84A8-CF2C4C01358B}.Debug|x86.Build.0 = Debug|Win32
		{E6FE9AC2-4842-4543-84A8-CF2C4C01358B}.Release|x64.ActiveCfg = Release|x64
		{E6FE9AC2-4842-4543-84A8-CF2C4C01358B}.Release|x64.Build.0 = Release|x64
		{E6FE9AC2-4842-4543-84A8-CF2C4C01358B}.Release|x86.ActiveCfg = Release|Win32
		{E6FE9AC2-4842-4543-84A8-CF2C4C01358B}.Release|x86.Build.0 = Release|Win32
		{1326DDBE-A22F-47DE-8434-2395B0337DDD}.Debug|x64.ActiveCfg = Debug|x64
		{1326DDBE-A22F-47DE-8434-2395B0337DDD}.Debug|x64.Build.0 = Debug|x64
		{1326DDBE-A22F-47DE-8434-2395B0337DDD}.Debug|x86.ActiveCfg = Debug|Win32
		{1326DDBE-A22F-47DE-8434-2395B0337DDD}.Debug|x86.Build.0 = Debug|Win32
		{1326DDBE-A22F-47DE-8434-2395B0337DDD}.Release|x64.ActiveCfg = Release|x64
		{1326DDBE-A22F-47DE-8434-2395B0337DDD}.Release|x64.Build.0 = Release|x64
		{1326DDBE-A22F-47DE-8434-2395B0337DDD}.Release|x86.ActiveCfg = Release|Win32
		{1326DDBE-A22F-47DE-8434-2395B0337DDD}.Release|x86.Build.0 = Release|Win32
		{4A6925EA-0978-42D9-9A68-687CD6DCABC0}.Debug|x64.ActiveCfg = Debug|x64
		{4A6925EA-0978-42D9-9A68-687CD6DCABC0}.Debug|x64.Build.0 = Debug|x64
		{4A6925EA-0978-42D9-9A68-687CD6DCABC0}.Debug|x86.ActiveCfg = Debug|Win32
		{4A6925EA-0978-42D9-9A68-687CD6DCABC0}.Debug|x86.Build.0 = Debug|Win32
		{4A6925EA-0978-42D9-9A68-687CD6DCABC0}.Release|x64.ActiveCfg = Release|x64
		{4A6925EA-0978-42D9-9A68-687CD6DCABC0}.Release|x64.Build.0 = Release|x64
		{4A6925EA-0978-42D9-9A68-687CD6DCABC0}.Release|x86.ActiveCfg = Release|Win32
		{4A6925EA-0978-42D9-9A68-687CD6DCABC0}.Release|x86.Build.0 = Release|Win32
		{438BCC35-5781-4651-8DC4-655B34E9DA37}.Debug|x64.ActiveCfg = Debug|x64
		{438BCC35-5781-4651-8DC4-655B34E9DA37}.Debug|x64.Build.0 = Debug|x64
		{438BCC35-5781-4651-8DC4-655B34E9DA37}.Debug|x86.ActiveCfg = Debug|Win32
		{438BCC35-5781-4651-8DC4-655B34E9DA37}.Debug|x86.Build.0 = Debug|Win32
		{438BCC35-5781-4651-8DC4-655B34E9DA37}.Release|x64.ActiveCfg = Release|x64
		{438BCC35-5781-4651-8DC4-655B34E9DA37}.Release|x64.Build.0 = Release|x64
		{438BCC35-5781-4651-8DC4-655B34E9DA37}.Release|x86.ActiveCfg = Release|Win32
		{438BCC35-5781-4651-8DC4-655B34E9DA37}.Release|x86.Build.0 = Release|Win32
		{DAB74739-F2AA-4880-A415-328A117D9B88}.Debug|x64.ActiveCfg = Debug|x64
		{DAB74739-F2AA-4880-A415-328A117D9B88}.Debug|x64.Build.0 = Debug|x64
		{DAB74739-F2AA-4880-A415-328A117D9B88}.Debug|x86.ActiveCfg = Debug|Win32
		{DAB74739-F2AA-4880-A415-328A117D9B88}.Debug|x86.Build.0 = Debug|Win32
		{DAB74739-F2AA-4880-A415-328A117D9B88}.Release|x64.ActiveCfg = Release|x64
		{DAB74739-F2AA-4880-A415-328A117D9B88}.Release|x64.Build.0 = Release|x64
		{DAB74739-F2AA-4880-A415-328A117D9B88}.Release|x86.ActiveCfg = Release|Win32
		{DAB74739-F2AA-4880-A415-328A117D9B88}.Release|x86.Build.0 = Release|Win32
		{9911726F-5EDB-4D2A-AB4E-4187EABAA362}.Debug|x64.ActiveCfg = Debug|x64
		{9911726F-5EDB-4D2A-AB4E-4187EABAA362}.Debug|x64.Build.0 = Debug|x64
		{9911726F-5EDB-4D2A-AB4E-4187EABAA362}.Debug|x86.ActiveCfg = Debug|Win32
		{9911726F-5EDB-4D2A-AB4E-4187EABAA362}.Debug|x86.Build.0 = Debug|Win32
		{9911726F-5EDB-4D2A-AB4E-4187EABAA362}.Release|x64.ActiveCfg = Release|x64
		{9911726F-5EDB-4D2A-AB4E-4187EABAA362}.Release|x64.Build.0 = Release|x64
		{9911726F-5EDB-4D2A-AB4E-4187EABAA362}.Release|x86.ActiveCfg = Release|Win32
		{9911726F-5EDB-4D2A-AB4E-4187EABAA362}.Release|x86.Build.0 = Release|Win32
		{A94EEC92-7F52-4DE6-B997-1F10DF150466}.Debug|x64.ActiveCfg = Debug|x64
		{A94EEC92-7F52-4DE6-B997-1F10DF150466}.Debug|x64.Build.0 = Debug|x64
		{A94EEC92-7F52-4DE6-B997-1F10DF150466}.Debug|x86.ActiveCfg = Debug|Win32
		{A94EEC92-7F52-4DE6-B997-1F10DF150466}.Debug|x86.Build.0 = Debug|Win32
		{A94EEC92-7F52-4DE6-B997-1F10DF150466}.Release|x64.ActiveCfg = Release|x64
		{A94EEC92-7F52-4DE6-B997-1F10DF150466}.Release|x64.Build.0 = Release|x64
		{A94EEC92-7F52-4DE6-B997-1F10DF150466}.Release|x86.ActiveCfg = Release|Win32
		{A94EEC92-7F52-4DE6-B997-1F10DF150466}.Release|x86.Build.0 = Release|Win32
		{1D837A5E-500D-41DB-8C8C-DFCBE3EE78A3}.Debug|x64.ActiveCfg = Debug|x64
		{1D837A5E-500D-41DB-8C8C-DFCBE3EE78A3}.Debug|x64.Build.0 = Debug|x64
		{1D837A5E-500D-41DB-8C8C-DFCBE3EE78A3}.Debug|x86.ActiveCfg = Debug|Win32
		{1D837A5E-500D-41DB-8C8C-DFCBE3EE78A3}.Debug|x86.Build.0 = Debug|Win32
		{1D837A5E-500D-41DB-8C8C-DFCBE3EE78A3}.Release|x64.ActiveCfg = Release|x64
		{1D837A5E-500D-41DB-8C8C-DFCBE3EE78A3}.Release|x64.Build.0 = Release|x64
		{1D837A5E-500D-41DB-8C8C-DFCBE3EE78A3}.Release|x86.ActiveCfg = Release|Win32
		{1D837A5E-500D-41DB-8C8C-DFCBE3EE78A3}.Release|x86.Build.0 = Release|Win32
		{DD51D71F-096E-4B7D-BCB5-A237D8C02988}.Debug|x64.ActiveCfg = Debug|x64
		{DD51D71F-096E-4B7D-BCB5-A237D8C02988}.Debug|x64.Build.0 = Debug|x64
		{DD51D71F-096E-4B7D-BCB5-A237D8C02988}.Debug|x86.ActiveCfg = Debug|Win32
		{DD51D71F-096E-4B7D-BCB5-A237D8C02988}.Debug|x86.Build.0 = Debug|Win32
		{DD51D71F-096E-4B7D-BCB5-A237D8C02988}.Release|x64.ActiveCfg = Release|x64
		{DD51D71F-096E-4B7D-BCB5-A237D8C02988}.Release|x64.Build.0 = Release|x64
		{DD51D71F-096E-4B7D-BCB5-A237D8C02988}.Release|x86.ActiveCfg = Release|Win32
		{DD51D71F-096E-4B7D-BCB5-A237D8C02988}.Release|x86.Build.0 = Release|Win32
		{2A991230-4F3C-45B5-A17F-4806F16A1813}.Debug|x64.ActiveCfg = Debug|x64
		{2A991230-4F3C-45B5-A17F-4806F16A1813}.Debug|x64.Build.0 = Debug|x64
		{2A991230-4F3C-45B5-A17F-4806F16A1813}.Debug|x86.ActiveCfg = Debug|Win32
		{2A991230-4F3C-45B5-A17F-4806F16A1813}.Debug|x86.Build.0 = Debug|Win32
		{2A991230-4F3C-45B5-A17F-4806F16A1813}.Release|x64.ActiveCfg = Release|x64
		{2A991230-4F3C-45B5-A17F-4806F16A1813}.Release|x64.Build.0 = Release|x64
		{2A991230-4F3C-45B5-A17F-4806F16A1813}.Release|x86.ActiveCfg = Release|Win32
		{2A991230-4F3C-45B5-A17F-4806F16A1813}.Release|x86.Build.0 = Release|Win32
		{C9560BBD-46C4-4AB5-948E-342B24E16481}.Debug|x64.ActiveCfg = Debug|x64
		{C9560BBD-46C4-4AB5-948E-342B24E16481}.Debug|x64.Build.0 = Debug|x64
		{C9560BBD-46C4-4AB5-948E-342B24E16481}.Debug|x86.ActiveCfg = Debug|Win32
		{C9560BBD-46C4-4AB5-948E-342B24E16481}.Debug|x86.Build.0 = Debug|Win32
		{C9560BBD-46C4-4AB5-948E-342B24E16481}.Release|x64.ActiveCfg = Release|x64
		{C9560BBD-46C4-4AB5-948E-342B24E16481}.Release|x64.Build.0 = Release|x64
		{C9560BBD-46C4-4AB5-948E-342B24E16481}.Release|x86.ActiveCfg = Release|Win32
		{C9560BBD-46C4-4AB5-948E-342B24E16481}.Release|x86.Build.0 = Release|Win32
		{A9A77C7B-782B-4691-A18B-2C81298CECE6}.Debug|x64.ActiveCfg = Debug|x64
		{A9A77C7B-782B-4691-A18B-2C81298CECE6}.Debug|x64.Build.0 = Debug|x64
		{A9A77C7B-782B-4691-A18B-2C81298CECE6}.Debug|x86.ActiveCfg = Debug|Win32
		{A9A77C7B-782B-4691-A18B-2C81298CECE6}.Debug|x86.Build.0 = Debug|Win32
		{A9A77C7B-782B-4691-A18B-2C81298CECE6}.Release|x64.ActiveCfg = Release|x64
		{A9A77C7B-782B-4691-A18B-2C81298CECE6}.Release|x64.Build.0 = Release|x64
		{A9A77C7B-782B-4691-A18B-2C81298CECE6}.Release|x86.ActiveCfg = Release|Win32
		{A9A77C7B-782B-4691-A18B-2C81298CECE6}.Release|x86.Build.0 = Release|Win32
		{7B73C751-A17A-4C14-83C2-1968EC298EF3}.Debug|x64.ActiveCfg = Debug|x64
		{7B73C751-A17A-4C14-83C2-1968EC298EF3}.Debug|x64.Build.0 = Debug|x64
		{7B73C751-A17A-4C14-83C2-1968EC298EF3}.Debug|x86.ActiveCfg = Debug|Win32
		{7B73C751-A17A-4C14-83C2-1968EC298EF3}.Debug|x86.Build.0 = Debug|Win32
		{7B73C751-A17A-4C14-83C2-1968EC298EF3}.Release|x64.ActiveCfg = Release|x64
		{7B73C751-A17A-4C14-83C2-1968EC298EF3}.Release|x64.Build.0 = Release|x64
		{7B73C751-A17A-4C14-83C2-1968EC298EF3}.Release|x86.ActiveCfg = Release|Win32
		{7B73C751-A17A-4C14-83C2-1968EC298EF3}.Release|x86.Build.0 = Release|Win32
		{8B78B4E5-B1AA-4506-BBE4-DA98D83505F6}.Debug|x64.ActiveCfg = Debug|x64
		{8B78B4E5-B1AA-4506-BBE4-DA98D83505F6}.Debug|x64.Build.0 = Debug|x64
		{8B78B4E5-B1AA-4506-BBE4-DA98D83505F6}.Debug|x86.ActiveCfg = Debug|Win32
		{8B78B4E5-B1AA-4506-BBE4-DA98D83505F6}.Debug|x86.Build.0 = Debug|Win32
		{8B78B4E5-B1AA-4506-BBE4-DA98D83505F6}.Release|x64.ActiveCfg = Release|x64
		{8B78B4E5-B1AA-4506-BBE4-DA98D83505F6}.Release|x64.Build.0 = Release|x64
		{8B78B4E5-B1AA-4506-BBE4-DA98D83505F6}.Release|x86.ActiveCfg = Release|Win32
		{8B78B4E5-B1AA-4506-BBE4-DA98D83505F6}.Release|x86.Build.0 = Release|Win32
		{BE656827-1D3B-48B7-8056-D833DECCFE2A}.Debug|x64.ActiveCfg = Debug|x64
		{BE656827-1D3B-48B7-8056-D833DECCFE2A}.Debug|x64.Build.0 = Debug|x64
		{BE656827-1D3B-48B7-8056-D833DECCFE2A}.Debug|x86.ActiveCfg = Debug|Win32
		{BE656827-1D3B-48B7-8056-D833DECCFE2A}.Debug|x86.Build.0 = Debug|Win32
		{BE656827-1D3B-48B7-8056-D833DECCFE2A}.Release|x64.ActiveCfg = Release|x64
		{BE656827-1D3B-48B7-8056-D833DECCFE2A}.Release|x64.Build.0 = Release|x64
		{BE656827-1D3B-48B7-8056-D833DECCFE2A}.Release|x86.ActiveCfg = Release|Win32
		{BE656827-1D3B-48B7-8056-D833DECCFE2A}.Release|x86.Build.0 = Release|Win32
		{23FDD571-B1E6-4590-8BC9-670C14D77E49}.Debug|x64.ActiveCfg = Debug|x64
		{23FDD571-B1E6-4590-8BC9-670C14D77E49}.Debug|x64.Build.0 = Debug|x64
		{23FDD571-B1E6-4590-8BC9-670C14D77E49}.Debug|x86.ActiveCfg = Debug|Win32
		{23FDD571-B1E6-4590-8BC9-670C14D77E49}.Debug|x86.Build.0 = Debug|Win32
		{23FDD571-B1E6-4590-8BC9-670C14D77E49}.Release|x64.ActiveCfg = Release|x64
		{23FDD571-B1E6-4590-8BC9-670C14D77E49}.Release|x64.Build.0 = Release|x64
		{23FDD571-B1E6-4590-8BC9-670C14D77E49}.Release|x86.ActiveCfg = Release|Win32
		{23FDD571-B1E6-4590-8BC9-670C14D77E49}.Release|x86.Build.0 = Release|Win32
	EndGlobalSection
	GlobalSection(SolutionProperties) = preSolution
		HideSolutionNode = FALSE
	EndGlobalSection
	GlobalSection(ExtensibilityGlobals) = postSolution
		SolutionGuid = {CA51B904-8034-433A-BB6C-32FDC9AACF54}
	EndGlobalSection
EndGlobal
