
Microsoft Visual Studio Solution File, Format Version 12.00
# Visual Studio Version 17
VisualStudioVersion = 17.4.33103.184
MinimumVisualStudioVersion = 10.0.40219.1
Project("{8BC9CEB8-8B4A-11D0-8D11-00A0C91BC942}") = "exam-01-01-hello", "exam-01-01-hello\exam-01-01-hello.vcxproj", "{BEBF8571-04B6-4813-A4E1-0C4154AF87B2}"
EndProject
Project("{8BC9CEB8-8B4A-11D0-8D11-00A0C91BC942}") = "exam-01-02-comment", "exam-01-02-comment\exam-01-02-comment.vcxproj", "{CEE64B77-508C-4344-837A-9A36101FDF98}"
EndProject
Project("{8BC9CEB8-8B4A-11D0-8D11-00A0C91BC942}") = "exam-02-01-variable", "exam-02-01-variable\exam-02-01-variable.vcxproj", "{962F154A-E386-43BC-9543-9E2FA934E994}"
EndProject
Project("{8BC9CEB8-8B4A-11D0-8D11-00A0C91BC942}") = "exam-02-02-variable-type", "exam-02-02-variable-type\exam-02-02-variable-type.vcxproj", "{B3F8C289-2E23-4A2D-9489-B84C42CD7A75}"
EndProject
Project("{8BC9CEB8-8B4A-11D0-8D11-00A0C91BC942}") = "exam-02-03-literal", "exam-02-03-literal\exam-02-03-literal.vcxproj", "{57A7ED42-EC38-4A59-960B-F5D0B6EA6519}"
EndProject
Project("{8BC9CEB8-8B4A-11D0-8D11-00A0C91BC942}") = "exam-02-04-cast", "exam-02-04-cast\exam-02-04-cast.vcxproj", "{91C0A853-731D-4241-9D6D-3C6DFF3052B6}"
EndProject
Project("{8BC9CEB8-8B4A-11D0-8D11-00A0C91BC942}") = "exam-03-01-data", "exam-03-01-data\exam-03-01-data.vcxproj", "{EF1E1978-69E2-4C3D-A198-C1285BC9577C}"
EndProject
Project("{8BC9CEB8-8B4A-11D0-8D11-00A0C91BC942}") = "exam-04-01-printf", "exam-04-01-printf\exam-04-01-printf.vcxproj", "{F6DA54AA-E9A3-4603-AE04-AEDCC746FAC9}"
EndProject
Project("{8BC9CEB8-8B4A-11D0-8D11-00A0C91BC942}") = "exam-04-02-scanf", "exam-04-02-scanf\exam-04-02-scanf.vcxproj", "{80999092-663D-4C76-9835-E96FED2E2809}"
EndProject
Project("{8BC9CEB8-8B4A-11D0-8D11-00A0C91BC942}") = "exam-05-01-operator", "exam-05-01-operator\exam-05-01-operator.vcxproj", "{72A29C75-685C-4310-B5C6-741FAAE24020}"
EndProject
Project("{8BC9CEB8-8B4A-11D0-8D11-00A0C91BC942}") = "exam-06-01-operator2", "exam-06-01-operator2\exam-06-01-operator2.vcxproj", "{3069BD7B-64AB-4138-8679-55108B1856FD}"
EndProject
Project("{8BC9CEB8-8B4A-11D0-8D11-00A0C91BC942}") = "exam-08-06-loop homework", "exam-08-06-loop homework\exam-08-06-loop homework.vcxproj", "{73AF37BD-3011-4264-9B71-BF74EDAFD98B}"
EndProject
Project("{8BC9CEB8-8B4A-11D0-8D11-00A0C91BC942}") = "exam-09-01-array", "exam-09-01-array\exam-09-01-array.vcxproj", "{D61C1954-3E37-44ED-A77E-EBFD596F4249}"
EndProject
Project("{8BC9CEB8-8B4A-11D0-8D11-00A0C91BC942}") = "exam-12-01-array2d", "exam-12-01-array2d\exam-12-01-array2d.vcxproj", "{A3511F93-B88F-44DE-AA5F-82D75FF5CE7D}"
EndProject
Project("{8BC9CEB8-8B4A-11D0-8D11-00A0C91BC942}") = "exam-12-02-array3d", "exam-12-02-array3d\exam-12-02-array3d.vcxproj", "{F0A57869-DB35-462F-A22A-C268D481829A}"
EndProject
Project("{8BC9CEB8-8B4A-11D0-8D11-00A0C91BC942}") = "exam-12-03-homework", "exam-12-03-homework\exam-12-03-homework.vcxproj", "{CADD7D3D-A998-4A26-A81D-E78B71B2468B}"
EndProject
Global
	GlobalSection(SolutionConfigurationPlatforms) = preSolution
		Debug|x64 = Debug|x64
		Debug|x86 = Debug|x86
		Release|x64 = Release|x64
		Release|x86 = Release|x86
	EndGlobalSection
	GlobalSection(ProjectConfigurationPlatforms) = postSolution
		{BEBF8571-04B6-4813-A4E1-0C4154AF87B2}.Debug|x64.ActiveCfg = Debug|x64
		{BEBF8571-04B6-4813-A4E1-0C4154AF87B2}.Debug|x64.Build.0 = Debug|x64
		{BEBF8571-04B6-4813-A4E1-0C4154AF87B2}.Debug|x86.ActiveCfg = Debug|Win32
		{BEBF8571-04B6-4813-A4E1-0C4154AF87B2}.Debug|x86.Build.0 = Debug|Win32
		{BEBF8571-04B6-4813-A4E1-0C4154AF87B2}.Release|x64.ActiveCfg = Release|x64
		{BEBF8571-04B6-4813-A4E1-0C4154AF87B2}.Release|x64.Build.0 = Release|x64
		{BEBF8571-04B6-4813-A4E1-0C4154AF87B2}.Release|x86.ActiveCfg = Release|Win32
		{BEBF8571-04B6-4813-A4E1-0C4154AF87B2}.Release|x86.Build.0 = Release|Win32
		{CEE64B77-508C-4344-837A-9A36101FDF98}.Debug|x64.ActiveCfg = Debug|x64
		{CEE64B77-508C-4344-837A-9A36101FDF98}.Debug|x64.Build.0 = Debug|x64
		{CEE64B77-508C-4344-837A-9A36101FDF98}.Debug|x86.ActiveCfg = Debug|Win32
		{CEE64B77-508C-4344-837A-9A36101FDF98}.Debug|x86.Build.0 = Debug|Win32
		{CEE64B77-508C-4344-837A-9A36101FDF98}.Release|x64.ActiveCfg = Release|x64
		{CEE64B77-508C-4344-837A-9A36101FDF98}.Release|x64.Build.0 = Release|x64
		{CEE64B77-508C-4344-837A-9A36101FDF98}.Release|x86.ActiveCfg = Release|Win32
		{CEE64B77-508C-4344-837A-9A36101FDF98}.Release|x86.Build.0 = Release|Win32
		{962F154A-E386-43BC-9543-9E2FA934E994}.Debug|x64.ActiveCfg = Debug|x64
		{962F154A-E386-43BC-9543-9E2FA934E994}.Debug|x64.Build.0 = Debug|x64
		{962F154A-E386-43BC-9543-9E2FA934E994}.Debug|x86.ActiveCfg = Debug|Win32
		{962F154A-E386-43BC-9543-9E2FA934E994}.Debug|x86.Build.0 = Debug|Win32
		{962F154A-E386-43BC-9543-9E2FA934E994}.Release|x64.ActiveCfg = Release|x64
		{962F154A-E386-43BC-9543-9E2FA934E994}.Release|x64.Build.0 = Release|x64
		{962F154A-E386-43BC-9543-9E2FA934E994}.Release|x86.ActiveCfg = Release|Win32
		{962F154A-E386-43BC-9543-9E2FA934E994}.Release|x86.Build.0 = Release|Win32
		{B3F8C289-2E23-4A2D-9489-B84C42CD7A75}.Debug|x64.ActiveCfg = Debug|x64
		{B3F8C289-2E23-4A2D-9489-B84C42CD7A75}.Debug|x64.Build.0 = Debug|x64
		{B3F8C289-2E23-4A2D-9489-B84C42CD7A75}.Debug|x86.ActiveCfg = Debug|Win32
		{B3F8C289-2E23-4A2D-9489-B84C42CD7A75}.Debug|x86.Build.0 = Debug|Win32
		{B3F8C289-2E23-4A2D-9489-B84C42CD7A75}.Release|x64.ActiveCfg = Release|x64
		{B3F8C289-2E23-4A2D-9489-B84C42CD7A75}.Release|x64.Build.0 = Release|x64
		{B3F8C289-2E23-4A2D-9489-B84C42CD7A75}.Release|x86.ActiveCfg = Release|Win32
		{B3F8C289-2E23-4A2D-9489-B84C42CD7A75}.Release|x86.Build.0 = Release|Win32
		{57A7ED42-EC38-4A59-960B-F5D0B6EA6519}.Debug|x64.ActiveCfg = Debug|x64
		{57A7ED42-EC38-4A59-960B-F5D0B6EA6519}.Debug|x64.Build.0 = Debug|x64
		{57A7ED42-EC38-4A59-960B-F5D0B6EA6519}.Debug|x86.ActiveCfg = Debug|Win32
		{57A7ED42-EC38-4A59-960B-F5D0B6EA6519}.Debug|x86.Build.0 = Debug|Win32
		{57A7ED42-EC38-4A59-960B-F5D0B6EA6519}.Release|x64.ActiveCfg = Release|x64
		{57A7ED42-EC38-4A59-960B-F5D0B6EA6519}.Release|x64.Build.0 = Release|x64
		{57A7ED42-EC38-4A59-960B-F5D0B6EA6519}.Release|x86.ActiveCfg = Release|Win32
		{57A7ED42-EC38-4A59-960B-F5D0B6EA6519}.Release|x86.Build.0 = Release|Win32
		{91C0A853-731D-4241-9D6D-3C6DFF3052B6}.Debug|x64.ActiveCfg = Debug|x64
		{91C0A853-731D-4241-9D6D-3C6DFF3052B6}.Debug|x64.Build.0 = Debug|x64
		{91C0A853-731D-4241-9D6D-3C6DFF3052B6}.Debug|x86.ActiveCfg = Debug|Win32
		{91C0A853-731D-4241-9D6D-3C6DFF3052B6}.Debug|x86.Build.0 = Debug|Win32
		{91C0A853-731D-4241-9D6D-3C6DFF3052B6}.Release|x64.ActiveCfg = Release|x64
		{91C0A853-731D-4241-9D6D-3C6DFF3052B6}.Release|x64.Build.0 = Release|x64
		{91C0A853-731D-4241-9D6D-3C6DFF3052B6}.Release|x86.ActiveCfg = Release|Win32
		{91C0A853-731D-4241-9D6D-3C6DFF3052B6}.Release|x86.Build.0 = Release|Win32
		{EF1E1978-69E2-4C3D-A198-C1285BC9577C}.Debug|x64.ActiveCfg = Debug|x64
		{EF1E1978-69E2-4C3D-A198-C1285BC9577C}.Debug|x64.Build.0 = Debug|x64
		{EF1E1978-69E2-4C3D-A198-C1285BC9577C}.Debug|x86.ActiveCfg = Debug|Win32
		{EF1E1978-69E2-4C3D-A198-C1285BC9577C}.Debug|x86.Build.0 = Debug|Win32
		{EF1E1978-69E2-4C3D-A198-C1285BC9577C}.Release|x64.ActiveCfg = Release|x64
		{EF1E1978-69E2-4C3D-A198-C1285BC9577C}.Release|x64.Build.0 = Release|x64
		{EF1E1978-69E2-4C3D-A198-C1285BC9577C}.Release|x86.ActiveCfg = Release|Win32
		{EF1E1978-69E2-4C3D-A198-C1285BC9577C}.Release|x86.Build.0 = Release|Win32
		{F6DA54AA-E9A3-4603-AE04-AEDCC746FAC9}.Debug|x64.ActiveCfg = Debug|x64
		{F6DA54AA-E9A3-4603-AE04-AEDCC746FAC9}.Debug|x64.Build.0 = Debug|x64
		{F6DA54AA-E9A3-4603-AE04-AEDCC746FAC9}.Debug|x86.ActiveCfg = Debug|Win32
		{F6DA54AA-E9A3-4603-AE04-AEDCC746FAC9}.Debug|x86.Build.0 = Debug|Win32
		{F6DA54AA-E9A3-4603-AE04-AEDCC746FAC9}.Release|x64.ActiveCfg = Release|x64
		{F6DA54AA-E9A3-4603-AE04-AEDCC746FAC9}.Release|x64.Build.0 = Release|x64
		{F6DA54AA-E9A3-4603-AE04-AEDCC746FAC9}.Release|x86.ActiveCfg = Release|Win32
		{F6DA54AA-E9A3-4603-AE04-AEDCC746FAC9}.Release|x86.Build.0 = Release|Win32
		{80999092-663D-4C76-9835-E96FED2E2809}.Debug|x64.ActiveCfg = Debug|x64
		{80999092-663D-4C76-9835-E96FED2E2809}.Debug|x64.Build.0 = Debug|x64
		{80999092-663D-4C76-9835-E96FED2E2809}.Debug|x86.ActiveCfg = Debug|Win32
		{80999092-663D-4C76-9835-E96FED2E2809}.Debug|x86.Build.0 = Debug|Win32
		{80999092-663D-4C76-9835-E96FED2E2809}.Release|x64.ActiveCfg = Release|x64
		{80999092-663D-4C76-9835-E96FED2E2809}.Release|x64.Build.0 = Release|x64
		{80999092-663D-4C76-9835-E96FED2E2809}.Release|x86.ActiveCfg = Release|Win32
		{80999092-663D-4C76-9835-E96FED2E2809}.Release|x86.Build.0 = Release|Win32
		{72A29C75-685C-4310-B5C6-741FAAE24020}.Debug|x64.ActiveCfg = Debug|x64
		{72A29C75-685C-4310-B5C6-741FAAE24020}.Debug|x64.Build.0 = Debug|x64
		{72A29C75-685C-4310-B5C6-741FAAE24020}.Debug|x86.ActiveCfg = Debug|Win32
		{72A29C75-685C-4310-B5C6-741FAAE24020}.Debug|x86.Build.0 = Debug|Win32
		{72A29C75-685C-4310-B5C6-741FAAE24020}.Release|x64.ActiveCfg = Release|x64
		{72A29C75-685C-4310-B5C6-741FAAE24020}.Release|x64.Build.0 = Release|x64
		{72A29C75-685C-4310-B5C6-741FAAE24020}.Release|x86.ActiveCfg = Release|Win32
		{72A29C75-685C-4310-B5C6-741FAAE24020}.Release|x86.Build.0 = Release|Win32
		{3069BD7B-64AB-4138-8679-55108B1856FD}.Debug|x64.ActiveCfg = Debug|x64
		{3069BD7B-64AB-4138-8679-55108B1856FD}.Debug|x64.Build.0 = Debug|x64
		{3069BD7B-64AB-4138-8679-55108B1856FD}.Debug|x86.ActiveCfg = Debug|Win32
		{3069BD7B-64AB-4138-8679-55108B1856FD}.Debug|x86.Build.0 = Debug|Win32
		{3069BD7B-64AB-4138-8679-55108B1856FD}.Release|x64.ActiveCfg = Release|x64
		{3069BD7B-64AB-4138-8679-55108B1856FD}.Release|x64.Build.0 = Release|x64
		{3069BD7B-64AB-4138-8679-55108B1856FD}.Release|x86.ActiveCfg = Release|Win32
		{3069BD7B-64AB-4138-8679-55108B1856FD}.Release|x86.Build.0 = Release|Win32
		{73AF37BD-3011-4264-9B71-BF74EDAFD98B}.Debug|x64.ActiveCfg = Debug|x64
		{73AF37BD-3011-4264-9B71-BF74EDAFD98B}.Debug|x64.Build.0 = Debug|x64
		{73AF37BD-3011-4264-9B71-BF74EDAFD98B}.Debug|x86.ActiveCfg = Debug|Win32
		{73AF37BD-3011-4264-9B71-BF74EDAFD98B}.Debug|x86.Build.0 = Debug|Win32
		{73AF37BD-3011-4264-9B71-BF74EDAFD98B}.Release|x64.ActiveCfg = Release|x64
		{73AF37BD-3011-4264-9B71-BF74EDAFD98B}.Release|x64.Build.0 = Release|x64
		{73AF37BD-3011-4264-9B71-BF74EDAFD98B}.Release|x86.ActiveCfg = Release|Win32
		{73AF37BD-3011-4264-9B71-BF74EDAFD98B}.Release|x86.Build.0 = Release|Win32
		{D61C1954-3E37-44ED-A77E-EBFD596F4249}.Debug|x64.ActiveCfg = Debug|x64
		{D61C1954-3E37-44ED-A77E-EBFD596F4249}.Debug|x64.Build.0 = Debug|x64
		{D61C1954-3E37-44ED-A77E-EBFD596F4249}.Debug|x86.ActiveCfg = Debug|Win32
		{D61C1954-3E37-44ED-A77E-EBFD596F4249}.Debug|x86.Build.0 = Debug|Win32
		{D61C1954-3E37-44ED-A77E-EBFD596F4249}.Release|x64.ActiveCfg = Release|x64
		{D61C1954-3E37-44ED-A77E-EBFD596F4249}.Release|x64.Build.0 = Release|x64
		{D61C1954-3E37-44ED-A77E-EBFD596F4249}.Release|x86.ActiveCfg = Release|Win32
		{D61C1954-3E37-44ED-A77E-EBFD596F4249}.Release|x86.Build.0 = Release|Win32
		{A3511F93-B88F-44DE-AA5F-82D75FF5CE7D}.Debug|x64.ActiveCfg = Debug|x64
		{A3511F93-B88F-44DE-AA5F-82D75FF5CE7D}.Debug|x64.Build.0 = Debug|x64
		{A3511F93-B88F-44DE-AA5F-82D75FF5CE7D}.Debug|x86.ActiveCfg = Debug|Win32
		{A3511F93-B88F-44DE-AA5F-82D75FF5CE7D}.Debug|x86.Build.0 = Debug|Win32
		{A3511F93-B88F-44DE-AA5F-82D75FF5CE7D}.Release|x64.ActiveCfg = Release|x64
		{A3511F93-B88F-44DE-AA5F-82D75FF5CE7D}.Release|x64.Build.0 = Release|x64
		{A3511F93-B88F-44DE-AA5F-82D75FF5CE7D}.Release|x86.ActiveCfg = Release|Win32
		{A3511F93-B88F-44DE-AA5F-82D75FF5CE7D}.Release|x86.Build.0 = Release|Win32
		{F0A57869-DB35-462F-A22A-C268D481829A}.Debug|x64.ActiveCfg = Debug|x64
		{F0A57869-DB35-462F-A22A-C268D481829A}.Debug|x64.Build.0 = Debug|x64
		{F0A57869-DB35-462F-A22A-C268D481829A}.Debug|x86.ActiveCfg = Debug|Win32
		{F0A57869-DB35-462F-A22A-C268D481829A}.Debug|x86.Build.0 = Debug|Win32
		{F0A57869-DB35-462F-A22A-C268D481829A}.Release|x64.ActiveCfg = Release|x64
		{F0A57869-DB35-462F-A22A-C268D481829A}.Release|x64.Build.0 = Release|x64
		{F0A57869-DB35-462F-A22A-C268D481829A}.Release|x86.ActiveCfg = Release|Win32
		{F0A57869-DB35-462F-A22A-C268D481829A}.Release|x86.Build.0 = Release|Win32
		{CADD7D3D-A998-4A26-A81D-E78B71B2468B}.Debug|x64.ActiveCfg = Debug|x64
		{CADD7D3D-A998-4A26-A81D-E78B71B2468B}.Debug|x64.Build.0 = Debug|x64
		{CADD7D3D-A998-4A26-A81D-E78B71B2468B}.Debug|x86.ActiveCfg = Debug|Win32
		{CADD7D3D-A998-4A26-A81D-E78B71B2468B}.Debug|x86.Build.0 = Debug|Win32
		{CADD7D3D-A998-4A26-A81D-E78B71B2468B}.Release|x64.ActiveCfg = Release|x64
		{CADD7D3D-A998-4A26-A81D-E78B71B2468B}.Release|x64.Build.0 = Release|x64
		{CADD7D3D-A998-4A26-A81D-E78B71B2468B}.Release|x86.ActiveCfg = Release|Win32
		{CADD7D3D-A998-4A26-A81D-E78B71B2468B}.Release|x86.Build.0 = Release|Win32
	EndGlobalSection
	GlobalSection(SolutionProperties) = preSolution
		HideSolutionNode = FALSE
	EndGlobalSection
	GlobalSection(ExtensibilityGlobals) = postSolution
		SolutionGuid = {CA51B904-8034-433A-BB6C-32FDC9AACF54}
	EndGlobalSection
EndGlobal
